
Microsoft Visual Studio Solution File, Format Version 11.00
# Visual Studio 2010
Project("{FAE04EC0-301F-11D3-BF4B-00C04F79EFBC}") = "GeoLoader", "GeoLoader\GeoLoader.csproj", "{73488217-6D09-4CB6-A5B7-AFEF1CF77CB8}"
EndProject
Project("{FAE04EC0-301F-11D3-BF4B-00C04F79EFBC}") = "GeoLoader.Tests", "GeoLoader.Tests\GeoLoader.Tests.csproj", "{F65100DB-FF43-4612-A26E-2A558B024CAD}"
EndProject
Project("{54435603-DBB4-11D2-8724-00A0C9A8B90C}") = "GeoLoader.Installer", "GeoLoader.Installer\GeoLoader.Installer.vdproj", "{238FAC9D-F7C8-45B8-8107-F1C502311D9A}"
EndProject
Project("{FAE04EC0-301F-11D3-BF4B-00C04F79EFBC}") = "UnidecodeSharp", "UnidecodeSharp\UnidecodeSharp.csproj", "{B268B199-851B-4326-BB4C-F054FCFBA4D4}"
EndProject
Global
	GlobalSection(SolutionConfigurationPlatforms) = preSolution
		Debug|Any CPU = Debug|Any CPU
		Debug|x64 = Debug|x64
		Debug|x86 = Debug|x86
		Release|Any CPU = Release|Any CPU
		Release|x64 = Release|x64
		Release|x86 = Release|x86
	EndGlobalSection
	GlobalSection(ProjectConfigurationPlatforms) = postSolution
		{73488217-6D09-4CB6-A5B7-AFEF1CF77CB8}.Debug|Any CPU.ActiveCfg = Debug|Any CPU
		{73488217-6D09-4CB6-A5B7-AFEF1CF77CB8}.Debug|Any CPU.Build.0 = Debug|Any CPU
		{73488217-6D09-4CB6-A5B7-AFEF1CF77CB8}.Debug|x64.ActiveCfg = Debug|x64
		{73488217-6D09-4CB6-A5B7-AFEF1CF77CB8}.Debug|x64.Build.0 = Debug|x64
		{73488217-6D09-4CB6-A5B7-AFEF1CF77CB8}.Debug|x86.ActiveCfg = Debug|x86
		{73488217-6D09-4CB6-A5B7-AFEF1CF77CB8}.Debug|x86.Build.0 = Debug|x86
		{73488217-6D09-4CB6-A5B7-AFEF1CF77CB8}.Release|Any CPU.ActiveCfg = Release|x86
		{73488217-6D09-4CB6-A5B7-AFEF1CF77CB8}.Release|Any CPU.Build.0 = Release|x86
		{73488217-6D09-4CB6-A5B7-AFEF1CF77CB8}.Release|x64.ActiveCfg = Release|x64
		{73488217-6D09-4CB6-A5B7-AFEF1CF77CB8}.Release|x64.Build.0 = Release|x64
		{73488217-6D09-4CB6-A5B7-AFEF1CF77CB8}.Release|x86.ActiveCfg = Release|x86
		{73488217-6D09-4CB6-A5B7-AFEF1CF77CB8}.Release|x86.Build.0 = Release|x86
		{F65100DB-FF43-4612-A26E-2A558B024CAD}.Debug|Any CPU.ActiveCfg = Debug|Any CPU
		{F65100DB-FF43-4612-A26E-2A558B024CAD}.Debug|Any CPU.Build.0 = Debug|Any CPU
		{F65100DB-FF43-4612-A26E-2A558B024CAD}.Debug|x64.ActiveCfg = Debug|x64
		{F65100DB-FF43-4612-A26E-2A558B024CAD}.Debug|x64.Build.0 = Debug|x64
		{F65100DB-FF43-4612-A26E-2A558B024CAD}.Debug|x86.ActiveCfg = Debug|x86
		{F65100DB-FF43-4612-A26E-2A558B024CAD}.Debug|x86.Build.0 = Debug|x86
		{F65100DB-FF43-4612-A26E-2A558B024CAD}.Release|Any CPU.ActiveCfg = Release|Any CPU
		{F65100DB-FF43-4612-A26E-2A558B024CAD}.Release|Any CPU.Build.0 = Release|Any CPU
		{F65100DB-FF43-4612-A26E-2A558B024CAD}.Release|x64.ActiveCfg = Release|x64
		{F65100DB-FF43-4612-A26E-2A558B024CAD}.Release|x64.Build.0 = Release|x64
		{F65100DB-FF43-4612-A26E-2A558B024CAD}.Release|x86.ActiveCfg = Release|x86
		{F65100DB-FF43-4612-A26E-2A558B024CAD}.Release|x86.Build.0 = Release|x86
		{238FAC9D-F7C8-45B8-8107-F1C502311D9A}.Debug|Any CPU.ActiveCfg = Debug
		{238FAC9D-F7C8-45B8-8107-F1C502311D9A}.Debug|x64.ActiveCfg = Debug
		{238FAC9D-F7C8-45B8-8107-F1C502311D9A}.Debug|x64.Build.0 = Debug
		{238FAC9D-F7C8-45B8-8107-F1C502311D9A}.Debug|x86.ActiveCfg = Debug
		{238FAC9D-F7C8-45B8-8107-F1C502311D9A}.Debug|x86.Build.0 = Debug
		{238FAC9D-F7C8-45B8-8107-F1C502311D9A}.Release|Any CPU.ActiveCfg = Release
		{238FAC9D-F7C8-45B8-8107-F1C502311D9A}.Release|x64.ActiveCfg = Release
		{238FAC9D-F7C8-45B8-8107-F1C502311D9A}.Release|x64.Build.0 = Release
		{238FAC9D-F7C8-45B8-8107-F1C502311D9A}.Release|x86.ActiveCfg = Release
		{238FAC9D-F7C8-45B8-8107-F1C502311D9A}.Release|x86.Build.0 = Release
		{B268B199-851B-4326-BB4C-F054FCFBA4D4}.Debug|Any CPU.ActiveCfg = Debug|Any CPU
		{B268B199-851B-4326-BB4C-F054FCFBA4D4}.Debug|Any CPU.Build.0 = Debug|Any CPU
		{B268B199-851B-4326-BB4C-F054FCFBA4D4}.Debug|x64.ActiveCfg = Debug|x64
		{B268B199-851B-4326-BB4C-F054FCFBA4D4}.Debug|x64.Build.0 = Debug|x64
		{B268B199-851B-4326-BB4C-F054FCFBA4D4}.Debug|x86.ActiveCfg = Debug|x86
		{B268B199-851B-4326-BB4C-F054FCFBA4D4}.Debug|x86.Build.0 = Debug|x86
		{B268B199-851B-4326-BB4C-F054FCFBA4D4}.Release|Any CPU.ActiveCfg = Release|Any CPU
		{B268B199-851B-4326-BB4C-F054FCFBA4D4}.Release|Any CPU.Build.0 = Release|Any CPU
		{B268B199-851B-4326-BB4C-F054FCFBA4D4}.Release|x64.ActiveCfg = Release|x64
		{B268B199-851B-4326-BB4C-F054FCFBA4D4}.Release|x64.Build.0 = Release|x64
		{B268B199-851B-4326-BB4C-F054FCFBA4D4}.Release|x86.ActiveCfg = Release|x86
		{B268B199-851B-4326-BB4C-F054FCFBA4D4}.Release|x86.Build.0 = Release|x86
	EndGlobalSection
	GlobalSection(SolutionProperties) = preSolution
		HideSolutionNode = FALSE
	EndGlobalSection
EndGlobal
